
Microsoft Visual Studio Solution File, Format Version 12.00
# Visual Studio Version 16
VisualStudioVersion = 16.0.30001.183
MinimumVisualStudioVersion = 10.0.40219.1
Project("{FAE04EC0-301F-11D3-BF4B-00C04F79EFBC}") = "Entities", "Entities\Entities.csproj", "{D02696A1-5312-4D57-955E-DE16133712B3}"
EndProject
Global
	GlobalSection(SolutionConfigurationPlatforms) = preSolution
		Debug|Any CPU = Debug|Any CPU
		Release|Any CPU = Release|Any CPU
	EndGlobalSection
	GlobalSection(ProjectConfigurationPlatforms) = postSolution
		{D02696A1-5312-4D57-955E-DE16133712B3}.Debug|Any CPU.ActiveCfg = Debug|Any CPU
		{D02696A1-5312-4D57-955E-DE16133712B3}.Debug|Any CPU.Build.0 = Debug|Any CPU
		{D02696A1-5312-4D57-955E-DE16133712B3}.Release|Any CPU.ActiveCfg = Release|Any CPU
		{D02696A1-5312-4D57-955E-DE16133712B3}.Release|Any CPU.Build.0 = Release|Any CPU
	EndGlobalSection
	GlobalSection(SolutionProperties) = preSolution
		HideSolutionNode = FALSE
	EndGlobalSection
	GlobalSection(ExtensibilityGlobals) = postSolution
		SolutionGuid = {2667A251-8E99-4F64-9655-461E1C787A45}
	EndGlobalSection
EndGlobal
